// !$*UTF8*$!
{
	archiveVersion = 1;
	classes = {
	};
	objectVersion = 46;
	objects = {

/* Begin PBXBuildFile section */
		3F9FBC5E1F3DD8E900F5A39F /* AppDelegate.swift in Sources */ = {isa = PBXBuildFile; fileRef = 3F9FBC5D1F3DD8E900F5A39F /* AppDelegate.swift */; };
		3F9FBC601F3DD8E900F5A39F /* ViewController.swift in Sources */ = {isa = PBXBuildFile; fileRef = 3F9FBC5F1F3DD8E900F5A39F /* ViewController.swift */; };
		3F9FBC631F3DD8E900F5A39F /* Main.storyboard in Resources */ = {isa = PBXBuildFile; fileRef = 3F9FBC611F3DD8E900F5A39F /* Main.storyboard */; };
		3F9FBC661F3DD8E900F5A39F /* MalaCerta.xcdatamodeld in Sources */ = {isa = PBXBuildFile; fileRef = 3F9FBC641F3DD8E900F5A39F /* MalaCerta.xcdatamodeld */; };
		3F9FBC681F3DD8E900F5A39F /* Assets.xcassets in Resources */ = {isa = PBXBuildFile; fileRef = 3F9FBC671F3DD8E900F5A39F /* Assets.xcassets */; };
		3F9FBC6B1F3DD8E900F5A39F /* LaunchScreen.storyboard in Resources */ = {isa = PBXBuildFile; fileRef = 3F9FBC691F3DD8E900F5A39F /* LaunchScreen.storyboard */; };
/* End PBXBuildFile section */

/* Begin PBXFileReference section */
		3F9FBC5A1F3DD8E900F5A39F /* MalaCerta.app */ = {isa = PBXFileReference; explicitFileType = wrapper.application; includeInIndex = 0; path = MalaCerta.app; sourceTree = BUILT_PRODUCTS_DIR; };
		3F9FBC5D1F3DD8E900F5A39F /* AppDelegate.swift */ = {isa = PBXFileReference; lastKnownFileType = sourcecode.swift; path = AppDelegate.swift; sourceTree = "<group>"; };
		3F9FBC5F1F3DD8E900F5A39F /* ViewController.swift */ = {isa = PBXFileReference; lastKnownFileType = sourcecode.swift; path = ViewController.swift; sourceTree = "<group>"; };
		3F9FBC621F3DD8E900F5A39F /* Base */ = {isa = PBXFileReference; lastKnownFileType = file.storyboard; name = Base; path = Base.lproj/Main.storyboard; sourceTree = "<group>"; };
		3F9FBC651F3DD8E900F5A39F /* MalaCerta.xcdatamodel */ = {isa = PBXFileReference; lastKnownFileType = wrapper.xcdatamodel; path = MalaCerta.xcdatamodel; sourceTree = "<group>"; };
		3F9FBC671F3DD8E900F5A39F /* Assets.xcassets */ = {isa = PBXFileReference; lastKnownFileType = folder.assetcatalog; path = Assets.xcassets; sourceTree = "<group>"; };
		3F9FBC6A1F3DD8E900F5A39F /* Base */ = {isa = PBXFileReference; lastKnownFileType = file.storyboard; name = Base; path = Base.lproj/LaunchScreen.storyboard; sourceTree = "<group>"; };
		3F9FBC6C1F3DD8E900F5A39F /* Info.plist */ = {isa = PBXFileReference; lastKnownFileType = text.plist.xml; path = Info.plist; sourceTree = "<group>"; };
/* End PBXFileReference section */

/* Begin PBXFrameworksBuildPhase section */
		3F9FBC571F3DD8E900F5A39F /* Frameworks */ = {
			isa = PBXFrameworksBuildPhase;
			buildActionMask = 2147483647;
			files = (
			);
			runOnlyForDeploymentPostprocessing = 0;
		};
/* End PBXFrameworksBuildPhase section */

/* Begin PBXGroup section */
		3F9FBC511F3DD8E900F5A39F = {
			isa = PBXGroup;
			children = (
				3F9FBC5C1F3DD8E900F5A39F /* MalaCerta */,
				3F9FBC5B1F3DD8E900F5A39F /* Products */,
			);
			sourceTree = "<group>";
		};
		3F9FBC5B1F3DD8E900F5A39F /* Products */ = {
			isa = PBXGroup;
			children = (
				3F9FBC5A1F3DD8E900F5A39F /* MalaCerta.app */,
			);
			name = Products;
			sourceTree = "<group>";
		};
		3F9FBC5C1F3DD8E900F5A39F /* MalaCerta */ = {
			isa = PBXGroup;
			children = (
				3F9FBC5D1F3DD8E900F5A39F /* AppDelegate.swift */,
				3F9FBC5F1F3DD8E900F5A39F /* ViewController.swift */,
				3F9FBC611F3DD8E900F5A39F /* Main.storyboard */,
				3F9FBC671F3DD8E900F5A39F /* Assets.xcassets */,
				3F9FBC691F3DD8E900F5A39F /* LaunchScreen.storyboard */,
				3F9FBC6C1F3DD8E900F5A39F /* Info.plist */,
				3F9FBC641F3DD8E900F5A39F /* MalaCerta.xcdatamodeld */,
			);
			path = MalaCerta;
			sourceTree = "<group>";
		};
/* End PBXGroup section */

/* Begin PBXNativeTarget section */
		3F9FBC591F3DD8E900F5A39F /* MalaCerta */ = {
			isa = PBXNativeTarget;
			buildConfigurationList = 3F9FBC6F1F3DD8E900F5A39F /* Build configuration list for PBXNativeTarget "MalaCerta" */;
			buildPhases = (
				3F9FBC561F3DD8E900F5A39F /* Sources */,
				3F9FBC571F3DD8E900F5A39F /* Frameworks */,
				3F9FBC581F3DD8E900F5A39F /* Resources */,
			);
			buildRules = (
			);
			dependencies = (
			);
			name = MalaCerta;
			productName = MalaCerta;
			productReference = 3F9FBC5A1F3DD8E900F5A39F /* MalaCerta.app */;
			productType = "com.apple.product-type.application";
		};
/* End PBXNativeTarget section */

/* Begin PBXProject section */
		3F9FBC521F3DD8E900F5A39F /* Project object */ = {
			isa = PBXProject;
			attributes = {
				LastSwiftUpdateCheck = 0830;
				LastUpgradeCheck = 0830;
				ORGANIZATIONNAME = Student;
				TargetAttributes = {
					3F9FBC591F3DD8E900F5A39F = {
						CreatedOnToolsVersion = 8.3.3;
						DevelopmentTeam = V867585X56;
						ProvisioningStyle = Automatic;
					};
				};
			};
			buildConfigurationList = 3F9FBC551F3DD8E900F5A39F /* Build configuration list for PBXProject "MalaCerta" */;
			compatibilityVersion = "Xcode 3.2";
			developmentRegion = English;
			hasScannedForEncodings = 0;
			knownRegions = (
				en,
				Base,
			);
			mainGroup = 3F9FBC511F3DD8E900F5A39F;
			productRefGroup = 3F9FBC5B1F3DD8E900F5A39F /* Products */;
			projectDirPath = "";
			projectRoot = "";
			targets = (
				3F9FBC591F3DD8E900F5A39F /* MalaCerta */,
			);
		};
/* End PBXProject section */

/* Begin PBXResourcesBuildPhase section */
		3F9FBC581F3DD8E900F5A39F /* Resources */ = {
			isa = PBXResourcesBuildPhase;
			buildActionMask = 2147483647;
			files = (
				3F9FBC6B1F3DD8E900F5A39F /* LaunchScreen.storyboard in Resources */,
				3F9FBC681F3DD8E900F5A39F /* Assets.xcassets in Resources */,
				3F9FBC631F3DD8E900F5A39F /* Main.storyboard in Resources */,
			);
			runOnlyForDeploymentPostprocessing = 0;
		};
/* End PBXResourcesBuildPhase section */

/* Begin PBXSourcesBuildPhase section */
		3F9FBC561F3DD8E900F5A39F /* Sources */ = {
			isa = PBXSourcesBuildPhase;
			buildActionMask = 2147483647;
			files = (
				3F9FBC601F3DD8E900F5A39F /* ViewController.swift in Sources */,
				3F9FBC661F3DD8E900F5A39F /* MalaCerta.xcdatamodeld in Sources */,
				3F9FBC5E1F3DD8E900F5A39F /* AppDelegate.swift in Sources */,
			);
			runOnlyForDeploymentPostprocessing = 0;
		};
/* End PBXSourcesBuildPhase section */

/* Begin PBXVariantGroup section */
		3F9FBC611F3DD8E900F5A39F /* Main.storyboard */ = {
			isa = PBXVariantGroup;
			children = (
				3F9FBC621F3DD8E900F5A39F /* Base */,
			);
			name = Main.storyboard;
			sourceTree = "<group>";
		};
		3F9FBC691F3DD8E900F5A39F /* LaunchScreen.storyboard */ = {
			isa = PBXVariantGroup;
			children = (
				3F9FBC6A1F3DD8E900F5A39F /* Base */,
			);
			name = LaunchScreen.storyboard;
			sourceTree = "<group>";
		};
/* End PBXVariantGroup section */

/* Begin XCBuildConfiguration section */
		3F9FBC6D1F3DD8E900F5A39F /* Debug */ = {
			isa = XCBuildConfiguration;
			buildSettings = {
				ALWAYS_SEARCH_USER_PATHS = NO;
				CLANG_ANALYZER_NONNULL = YES;
				CLANG_ANALYZER_NUMBER_OBJECT_CONVERSION = YES_AGGRESSIVE;
				CLANG_CXX_LANGUAGE_STANDARD = "gnu++0x";
				CLANG_CXX_LIBRARY = "libc++";
				CLANG_ENABLE_MODULES = YES;
				CLANG_ENABLE_OBJC_ARC = YES;
				CLANG_WARN_BOOL_CONVERSION = YES;
				CLANG_WARN_CONSTANT_CONVERSION = YES;
				CLANG_WARN_DIRECT_OBJC_ISA_USAGE = YES_ERROR;
				CLANG_WARN_DOCUMENTATION_COMMENTS = YES;
				CLANG_WARN_EMPTY_BODY = YES;
				CLANG_WARN_ENUM_CONVERSION = YES;
				CLANG_WARN_INFINITE_RECURSION = YES;
				CLANG_WARN_INT_CONVERSION = YES;
				CLANG_WARN_OBJC_ROOT_CLASS = YES_ERROR;
				CLANG_WARN_SUSPICIOUS_MOVE = YES;
				CLANG_WARN_UNREACHABLE_CODE = YES;
				CLANG_WARN__DUPLICATE_METHOD_MATCH = YES;
				"CODE_SIGN_IDENTITY[sdk=iphoneos*]" = "iPhone Developer";
				COPY_PHASE_STRIP = NO;
				DEBUG_INFORMATION_FORMAT = dwarf;
				ENABLE_STRICT_OBJC_MSGSEND = YES;
				ENABLE_TESTABILITY = YES;
				GCC_C_LANGUAGE_STANDARD = gnu99;
				GCC_DYNAMIC_NO_PIC = NO;
				GCC_NO_COMMON_BLOCKS = YES;
				GCC_OPTIMIZATION_LEVEL = 0;
				GCC_PREPROCESSOR_DEFINITIONS = (
					"DEBUG=1",
					"$(inherited)",
				);
				GCC_WARN_64_TO_32_BIT_CONVERSION = YES;
				GCC_WARN_ABOUT_RETURN_TYPE = YES_ERROR;
				GCC_WARN_UNDECLARED_SELECTOR = YES;
				GCC_WARN_UNINITIALIZED_AUTOS = YES_AGGRESSIVE;
				GCC_WARN_UNUSED_FUNCTION = YES;
				GCC_WARN_UNUSED_VARIABLE = YES;
				IPHONEOS_DEPLOYMENT_TARGET = 10.3;
				MTL_ENABLE_DEBUG_INFO = YES;
				ONLY_ACTIVE_ARCH = YES;
				SDKROOT = iphoneos;
				SWIFT_ACTIVE_COMPILATION_CONDITIONS = DEBUG;
				SWIFT_OPTIMIZATION_LEVEL = "-Onone";
				TARGETED_DEVICE_FAMILY = "1,2";
			};
			name = Debug;
		};
		3F9FBC6E1F3DD8E900F5A39F /* Release */ = {
			isa = XCBuildConfiguration;
			buildSettings = {
				ALWAYS_SEARCH_USER_PATHS = NO;
				CLANG_ANALYZER_NONNULL = YES;
				CLANG_ANALYZER_NUMBER_OBJECT_CONVERSION = YES_AGGRESSIVE;
				CLANG_CXX_LANGUAGE_STANDARD = "gnu++0x";
				CLANG_CXX_LIBRARY = "libc++";
				CLANG_ENABLE_MODULES = YES;
				CLANG_ENABLE_OBJC_ARC = YES;
				CLANG_WARN_BOOL_CONVERSION = YES;
				CLANG_WARN_CONSTANT_CONVERSION = YES;
				CLANG_WARN_DIRECT_OBJC_ISA_USAGE = YES_ERROR;
				CLANG_WARN_DOCUMENTATION_COMMENTS = YES;
				CLANG_WARN_EMPTY_BODY = YES;
				CLANG_WARN_ENUM_CONVERSION = YES;
				CLANG_WARN_INFINITE_RECURSION = YES;
				CLANG_WARN_INT_CONVERSION = YES;
				CLANG_WARN_OBJC_ROOT_CLASS = YES_ERROR;
				CLANG_WARN_SUSPICIOUS_MOVE = YES;
				CLANG_WARN_UNREACHABLE_CODE = YES;
				CLANG_WARN__DUPLICATE_METHOD_MATCH = YES;
				"CODE_SIGN_IDENTITY[sdk=iphoneos*]" = "iPhone Developer";
				COPY_PHASE_STRIP = NO;
				DEBUG_INFORMATION_FORMAT = "dwarf-with-dsym";
				ENABLE_NS_ASSERTIONS = NO;
				ENABLE_STRICT_OBJC_MSGSEND = YES;
				GCC_C_LANGUAGE_STANDARD = gnu99;
				GCC_NO_COMMON_BLOCKS = YES;
				GCC_WARN_64_TO_32_BIT_CONVERSION = YES;
				GCC_WARN_ABOUT_RETURN_TYPE = YES_ERROR;
				GCC_WARN_UNDECLARED_SELECTOR = YES;
				GCC_WARN_UNINITIALIZED_AUTOS = YES_AGGRESSIVE;
				GCC_WARN_UNUSED_FUNCTION = YES;
				GCC_WARN_UNUSED_VARIABLE = YES;
				IPHONEOS_DEPLOYMENT_TARGET = 10.3;
				MTL_ENABLE_DEBUG_INFO = NO;
				SDKROOT = iphoneos;
				SWIFT_OPTIMIZATION_LEVEL = "-Owholemodule";
				TARGETED_DEVICE_FAMILY = "1,2";
				VALIDATE_PRODUCT = YES;
			};
			name = Release;
		};
		3F9FBC701F3DD8E900F5A39F /* Debug */ = {
			isa = XCBuildConfiguration;
			buildSettings = {
				ASSETCATALOG_COMPILER_APPICON_NAME = AppIcon;
				DEVELOPMENT_TEAM = V867585X56;
				INFOPLIST_FILE = MalaCerta/Info.plist;
				LD_RUNPATH_SEARCH_PATHS = "$(inherited) @executable_path/Frameworks";
				PRODUCT_BUNDLE_IDENTIFIER = Hackatruck.MalaCerta;
				PRODUCT_NAME = "$(TARGET_NAME)";
				SWIFT_VERSION = 3.0;
			};
			name = Debug;
		};
		3F9FBC711F3DD8E900F5A39F /* Release */ = {
			isa = XCBuildConfiguration;
			buildSettings = {
				ASSETCATALOG_COMPILER_APPICON_NAME = AppIcon;
				DEVELOPMENT_TEAM = V867585X56;
				INFOPLIST_FILE = MalaCerta/Info.plist;
				LD_RUNPATH_SEARCH_PATHS = "$(inherited) @executable_path/Frameworks";
				PRODUCT_BUNDLE_IDENTIFIER = Hackatruck.MalaCerta;
				PRODUCT_NAME = "$(TARGET_NAME)";
				SWIFT_VERSION = 3.0;
			};
			name = Release;
		};
/* End XCBuildConfiguration section */

/* Begin XCConfigurationList section */
		3F9FBC551F3DD8E900F5A39F /* Build configuration list for PBXProject "MalaCerta" */ = {
			isa = XCConfigurationList;
			buildConfigurations = (
				3F9FBC6D1F3DD8E900F5A39F /* Debug */,
				3F9FBC6E1F3DD8E900F5A39F /* Release */,
			);
			defaultConfigurationIsVisible = 0;
			defaultConfigurationName = Release;
		};
		3F9FBC6F1F3DD8E900F5A39F /* Build configuration list for PBXNativeTarget "MalaCerta" */ = {
			isa = XCConfigurationList;
			buildConfigurations = (
				3F9FBC701F3DD8E900F5A39F /* Debug */,
				3F9FBC711F3DD8E900F5A39F /* Release */,
			);
			defaultConfigurationIsVisible = 0;
		};
/* End XCConfigurationList section */

/* Begin XCVersionGroup section */
		3F9FBC641F3DD8E900F5A39F /* MalaCerta.xcdatamodeld */ = {
			isa = XCVersionGroup;
			children = (
				3F9FBC651F3DD8E900F5A39F /* MalaCerta.xcdatamodel */,
			);
			currentVersion = 3F9FBC651F3DD8E900F5A39F /* MalaCerta.xcdatamodel */;
			path = MalaCerta.xcdatamodeld;
			sourceTree = "<group>";
			versionGroupType = wrapper.xcdatamodel;
		};
/* End XCVersionGroup section */
	};
	rootObject = 3F9FBC521F3DD8E900F5A39F /* Project object */;
}
