// !$*UTF8*$!
{
	archiveVersion = 1;
	classes = {
	};
	objectVersion = 46;
	objects = {

/* Begin PBXBuildFile section */
		3F19B1711F45C1F1009772F6 /* AdcNovoLocalController.swift in Sources */ = {isa = PBXBuildFile; fileRef = 3F19B1701F45C1F1009772F6 /* AdcNovoLocalController.swift */; };
		3F19B1731F45D49B009772F6 /* AtividadeDAO.swift in Sources */ = {isa = PBXBuildFile; fileRef = 3F19B1721F45D49B009772F6 /* AtividadeDAO.swift */; };
		3F19B17A1F45DF73009772F6 /* Usuario.swift in Sources */ = {isa = PBXBuildFile; fileRef = 3F19B1791F45DF73009772F6 /* Usuario.swift */; };
		3F19B17C1F45DFF3009772F6 /* UsuarioController.swift in Sources */ = {isa = PBXBuildFile; fileRef = 3F19B17B1F45DFF3009772F6 /* UsuarioController.swift */; };
		3F19B17E1F45E09C009772F6 /* UsuarioDAO.swift in Sources */ = {isa = PBXBuildFile; fileRef = 3F19B17D1F45E09C009772F6 /* UsuarioDAO.swift */; };
		3F1F419E1F44648900244774 /* MapKit.framework in Frameworks */ = {isa = PBXBuildFile; fileRef = 3F1F419D1F44648900244774 /* MapKit.framework */; };
		3F1F41A01F4464A500244774 /* CoreLocation.framework in Frameworks */ = {isa = PBXBuildFile; fileRef = 3F1F419F1F4464A500244774 /* CoreLocation.framework */; };
		3F1F41A81F448EAE00244774 /* NovoDestinoController.swift in Sources */ = {isa = PBXBuildFile; fileRef = 3F1F41A71F448EAE00244774 /* NovoDestinoController.swift */; };
		3F9FBC5E1F3DD8E900F5A39F /* AppDelegate.swift in Sources */ = {isa = PBXBuildFile; fileRef = 3F9FBC5D1F3DD8E900F5A39F /* AppDelegate.swift */; };
		3F9FBC631F3DD8E900F5A39F /* Main.storyboard in Resources */ = {isa = PBXBuildFile; fileRef = 3F9FBC611F3DD8E900F5A39F /* Main.storyboard */; };
		3F9FBC661F3DD8E900F5A39F /* MalaCerta.xcdatamodeld in Sources */ = {isa = PBXBuildFile; fileRef = 3F9FBC641F3DD8E900F5A39F /* MalaCerta.xcdatamodeld */; };
		3F9FBC681F3DD8E900F5A39F /* Assets.xcassets in Resources */ = {isa = PBXBuildFile; fileRef = 3F9FBC671F3DD8E900F5A39F /* Assets.xcassets */; };
		3F9FBC6B1F3DD8E900F5A39F /* LaunchScreen.storyboard in Resources */ = {isa = PBXBuildFile; fileRef = 3F9FBC691F3DD8E900F5A39F /* LaunchScreen.storyboard */; };
		3F9FBC771F3DDA1400F5A39F /* TimelineController.swift in Sources */ = {isa = PBXBuildFile; fileRef = 3F9FBC761F3DDA1400F5A39F /* TimelineController.swift */; };
		3F9FBC791F3DEAD300F5A39F /* TravelsController.swift in Sources */ = {isa = PBXBuildFile; fileRef = 3F9FBC781F3DEAD300F5A39F /* TravelsController.swift */; };
		3F9FBC7B1F3DEAE200F5A39F /* TravelsCell.swift in Sources */ = {isa = PBXBuildFile; fileRef = 3F9FBC7A1F3DEAE200F5A39F /* TravelsCell.swift */; };
		3F9FBC7D1F3DEAEB00F5A39F /* TimelineCell.swift in Sources */ = {isa = PBXBuildFile; fileRef = 3F9FBC7C1F3DEAEB00F5A39F /* TimelineCell.swift */; };
		3F9FBC7F1F3DEAFC00F5A39F /* PlaceDetailsController.swift in Sources */ = {isa = PBXBuildFile; fileRef = 3F9FBC7E1F3DEAFC00F5A39F /* PlaceDetailsController.swift */; };
		3F9FBC851F3DF2DA00F5A39F /* ViagemDAO.swift in Sources */ = {isa = PBXBuildFile; fileRef = 3F9FBC841F3DF2DA00F5A39F /* ViagemDAO.swift */; };
		3F9FBC871F3DF78E00F5A39F /* CoreDataManager.swift in Sources */ = {isa = PBXBuildFile; fileRef = 3F9FBC861F3DF78E00F5A39F /* CoreDataManager.swift */; };
		3F9FBC891F3DF8B200F5A39F /* Viagem.swift in Sources */ = {isa = PBXBuildFile; fileRef = 3F9FBC881F3DF8B200F5A39F /* Viagem.swift */; };
		3F9FBC8B1F3DF8B900F5A39F /* Atividade.swift in Sources */ = {isa = PBXBuildFile; fileRef = 3F9FBC8A1F3DF8B900F5A39F /* Atividade.swift */; };
		3FADB6A21F44931F00DB801B /* DetalheAtividade.storyboard in Resources */ = {isa = PBXBuildFile; fileRef = 3FADB6A01F44931F00DB801B /* DetalheAtividade.storyboard */; };
/* End PBXBuildFile section */

/* Begin PBXFileReference section */
		3F19B1701F45C1F1009772F6 /* AdcNovoLocalController.swift */ = {isa = PBXFileReference; fileEncoding = 4; lastKnownFileType = sourcecode.swift; path = AdcNovoLocalController.swift; sourceTree = "<group>"; };
		3F19B1721F45D49B009772F6 /* AtividadeDAO.swift */ = {isa = PBXFileReference; fileEncoding = 4; lastKnownFileType = sourcecode.swift; path = AtividadeDAO.swift; sourceTree = "<group>"; };
		3F19B1791F45DF73009772F6 /* Usuario.swift */ = {isa = PBXFileReference; fileEncoding = 4; lastKnownFileType = sourcecode.swift; path = Usuario.swift; sourceTree = "<group>"; };
		3F19B17B1F45DFF3009772F6 /* UsuarioController.swift */ = {isa = PBXFileReference; fileEncoding = 4; lastKnownFileType = sourcecode.swift; path = UsuarioController.swift; sourceTree = "<group>"; };
		3F19B17D1F45E09C009772F6 /* UsuarioDAO.swift */ = {isa = PBXFileReference; fileEncoding = 4; lastKnownFileType = sourcecode.swift; path = UsuarioDAO.swift; sourceTree = "<group>"; };
		3F1F419D1F44648900244774 /* MapKit.framework */ = {isa = PBXFileReference; lastKnownFileType = wrapper.framework; name = MapKit.framework; path = System/Library/Frameworks/MapKit.framework; sourceTree = SDKROOT; };
		3F1F419F1F4464A500244774 /* CoreLocation.framework */ = {isa = PBXFileReference; lastKnownFileType = wrapper.framework; name = CoreLocation.framework; path = System/Library/Frameworks/CoreLocation.framework; sourceTree = SDKROOT; };
		3F1F41A71F448EAE00244774 /* NovoDestinoController.swift */ = {isa = PBXFileReference; fileEncoding = 4; lastKnownFileType = sourcecode.swift; path = NovoDestinoController.swift; sourceTree = "<group>"; };
		3F9FBC5A1F3DD8E900F5A39F /* MalaCerta.app */ = {isa = PBXFileReference; explicitFileType = wrapper.application; includeInIndex = 0; path = MalaCerta.app; sourceTree = BUILT_PRODUCTS_DIR; };
		3F9FBC5D1F3DD8E900F5A39F /* AppDelegate.swift */ = {isa = PBXFileReference; lastKnownFileType = sourcecode.swift; path = AppDelegate.swift; sourceTree = "<group>"; };
		3F9FBC621F3DD8E900F5A39F /* Base */ = {isa = PBXFileReference; lastKnownFileType = file.storyboard; name = Base; path = Base.lproj/Main.storyboard; sourceTree = "<group>"; };
		3F9FBC651F3DD8E900F5A39F /* MalaCerta.xcdatamodel */ = {isa = PBXFileReference; lastKnownFileType = wrapper.xcdatamodel; path = MalaCerta.xcdatamodel; sourceTree = "<group>"; };
		3F9FBC671F3DD8E900F5A39F /* Assets.xcassets */ = {isa = PBXFileReference; lastKnownFileType = folder.assetcatalog; path = Assets.xcassets; sourceTree = "<group>"; };
		3F9FBC6A1F3DD8E900F5A39F /* Base */ = {isa = PBXFileReference; lastKnownFileType = file.storyboard; name = Base; path = Base.lproj/LaunchScreen.storyboard; sourceTree = "<group>"; };
		3F9FBC6C1F3DD8E900F5A39F /* Info.plist */ = {isa = PBXFileReference; lastKnownFileType = text.plist.xml; path = Info.plist; sourceTree = "<group>"; };
		3F9FBC761F3DDA1400F5A39F /* TimelineController.swift */ = {isa = PBXFileReference; fileEncoding = 4; lastKnownFileType = sourcecode.swift; name = TimelineController.swift; path = ../TimelineController.swift; sourceTree = "<group>"; };
		3F9FBC781F3DEAD300F5A39F /* TravelsController.swift */ = {isa = PBXFileReference; fileEncoding = 4; lastKnownFileType = sourcecode.swift; path = TravelsController.swift; sourceTree = "<group>"; };
		3F9FBC7A1F3DEAE200F5A39F /* TravelsCell.swift */ = {isa = PBXFileReference; fileEncoding = 4; lastKnownFileType = sourcecode.swift; path = TravelsCell.swift; sourceTree = "<group>"; };
		3F9FBC7C1F3DEAEB00F5A39F /* TimelineCell.swift */ = {isa = PBXFileReference; fileEncoding = 4; lastKnownFileType = sourcecode.swift; path = TimelineCell.swift; sourceTree = "<group>"; };
		3F9FBC7E1F3DEAFC00F5A39F /* PlaceDetailsController.swift */ = {isa = PBXFileReference; fileEncoding = 4; lastKnownFileType = sourcecode.swift; path = PlaceDetailsController.swift; sourceTree = "<group>"; };
		3F9FBC841F3DF2DA00F5A39F /* ViagemDAO.swift */ = {isa = PBXFileReference; fileEncoding = 4; lastKnownFileType = sourcecode.swift; path = ViagemDAO.swift; sourceTree = "<group>"; };
		3F9FBC861F3DF78E00F5A39F /* CoreDataManager.swift */ = {isa = PBXFileReference; fileEncoding = 4; lastKnownFileType = sourcecode.swift; path = CoreDataManager.swift; sourceTree = "<group>"; };
		3F9FBC881F3DF8B200F5A39F /* Viagem.swift */ = {isa = PBXFileReference; fileEncoding = 4; lastKnownFileType = sourcecode.swift; path = Viagem.swift; sourceTree = "<group>"; };
		3F9FBC8A1F3DF8B900F5A39F /* Atividade.swift */ = {isa = PBXFileReference; fileEncoding = 4; lastKnownFileType = sourcecode.swift; path = Atividade.swift; sourceTree = "<group>"; };
		3FADB6A11F44931F00DB801B /* Base */ = {isa = PBXFileReference; lastKnownFileType = file.storyboard; name = Base; path = Base.lproj/DetalheAtividade.storyboard; sourceTree = "<group>"; };
/* End PBXFileReference section */

/* Begin PBXFrameworksBuildPhase section */
		3F9FBC571F3DD8E900F5A39F /* Frameworks */ = {
			isa = PBXFrameworksBuildPhase;
			buildActionMask = 2147483647;
			files = (
				3F1F41A01F4464A500244774 /* CoreLocation.framework in Frameworks */,
				3F1F419E1F44648900244774 /* MapKit.framework in Frameworks */,
			);
			runOnlyForDeploymentPostprocessing = 0;
		};
/* End PBXFrameworksBuildPhase section */

/* Begin PBXGroup section */
		3F1F419C1F44648900244774 /* Frameworks */ = {
			isa = PBXGroup;
			children = (
				3F1F419F1F4464A500244774 /* CoreLocation.framework */,
				3F1F419D1F44648900244774 /* MapKit.framework */,
			);
			name = Frameworks;
			sourceTree = "<group>";
		};
		3F9FBC511F3DD8E900F5A39F = {
			isa = PBXGroup;
			children = (
				3F9FBC5C1F3DD8E900F5A39F /* MalaCerta */,
				3F9FBC5B1F3DD8E900F5A39F /* Products */,
				3F1F419C1F44648900244774 /* Frameworks */,
			);
			sourceTree = "<group>";
		};
		3F9FBC5B1F3DD8E900F5A39F /* Products */ = {
			isa = PBXGroup;
			children = (
				3F9FBC5A1F3DD8E900F5A39F /* MalaCerta.app */,
			);
			name = Products;
			sourceTree = "<group>";
		};
		3F9FBC5C1F3DD8E900F5A39F /* MalaCerta */ = {
			isa = PBXGroup;
			children = (
				3F9FBC751F3DD9C600F5A39F /* View */,
				3F9FBC741F3DD9C100F5A39F /* Controller */,
				3F9FBC731F3DD9B900F5A39F /* Model */,
				3F9FBC721F3DD9AE00F5A39F /* Auxiliar Files */,
			);
			path = MalaCerta;
			sourceTree = "<group>";
		};
		3F9FBC721F3DD9AE00F5A39F /* Auxiliar Files */ = {
			isa = PBXGroup;
			children = (
				3F9FBC5D1F3DD8E900F5A39F /* AppDelegate.swift */,
				3F9FBC671F3DD8E900F5A39F /* Assets.xcassets */,
				3F9FBC6C1F3DD8E900F5A39F /* Info.plist */,
			);
			name = "Auxiliar Files";
			sourceTree = "<group>";
		};
		3F9FBC731F3DD9B900F5A39F /* Model */ = {
			isa = PBXGroup;
			children = (
				3F9FBC641F3DD8E900F5A39F /* MalaCerta.xcdatamodeld */,
				3F9FBC841F3DF2DA00F5A39F /* ViagemDAO.swift */,
				3F19B1721F45D49B009772F6 /* AtividadeDAO.swift */,
				3F9FBC861F3DF78E00F5A39F /* CoreDataManager.swift */,
				3F9FBC881F3DF8B200F5A39F /* Viagem.swift */,
				3F9FBC8A1F3DF8B900F5A39F /* Atividade.swift */,
				3F19B1791F45DF73009772F6 /* Usuario.swift */,
				3F19B17D1F45E09C009772F6 /* UsuarioDAO.swift */,
			);
			name = Model;
			sourceTree = "<group>";
		};
		3F9FBC741F3DD9C100F5A39F /* Controller */ = {
			isa = PBXGroup;
			children = (
				3F9FBC761F3DDA1400F5A39F /* TimelineController.swift */,
				3F9FBC781F3DEAD300F5A39F /* TravelsController.swift */,
				3F9FBC7A1F3DEAE200F5A39F /* TravelsCell.swift */,
				3F9FBC7C1F3DEAEB00F5A39F /* TimelineCell.swift */,
				3F9FBC7E1F3DEAFC00F5A39F /* PlaceDetailsController.swift */,
				3F1F41A71F448EAE00244774 /* NovoDestinoController.swift */,
				3F19B1701F45C1F1009772F6 /* AdcNovoLocalController.swift */,
				3F19B17B1F45DFF3009772F6 /* UsuarioController.swift */,
			);
			name = Controller;
			sourceTree = "<group>";
		};
		3F9FBC751F3DD9C600F5A39F /* View */ = {
			isa = PBXGroup;
			children = (
				3F9FBC611F3DD8E900F5A39F /* Main.storyboard */,
				3FADB6A01F44931F00DB801B /* DetalheAtividade.storyboard */,
				3F9FBC691F3DD8E900F5A39F /* LaunchScreen.storyboard */,
			);
			name = View;
			sourceTree = "<group>";
		};
/* End PBXGroup section */

/* Begin PBXNativeTarget section */
		3F9FBC591F3DD8E900F5A39F /* MalaCerta */ = {
			isa = PBXNativeTarget;
			buildConfigurationList = 3F9FBC6F1F3DD8E900F5A39F /* Build configuration list for PBXNativeTarget "MalaCerta" */;
			buildPhases = (
				3F9FBC561F3DD8E900F5A39F /* Sources */,
				3F9FBC571F3DD8E900F5A39F /* Frameworks */,
				3F9FBC581F3DD8E900F5A39F /* Resources */,
			);
			buildRules = (
			);
			dependencies = (
			);
			name = MalaCerta;
			productName = MalaCerta;
			productReference = 3F9FBC5A1F3DD8E900F5A39F /* MalaCerta.app */;
			productType = "com.apple.product-type.application";
		};
/* End PBXNativeTarget section */

/* Begin PBXProject section */
		3F9FBC521F3DD8E900F5A39F /* Project object */ = {
			isa = PBXProject;
			attributes = {
				LastSwiftUpdateCheck = 0830;
				LastUpgradeCheck = 0830;
				ORGANIZATIONNAME = Student;
				TargetAttributes = {
					3F9FBC591F3DD8E900F5A39F = {
						CreatedOnToolsVersion = 8.3.3;
						DevelopmentTeam = V867585X56;
						ProvisioningStyle = Automatic;
					};
				};
			};
			buildConfigurationList = 3F9FBC551F3DD8E900F5A39F /* Build configuration list for PBXProject "MalaCerta" */;
			compatibilityVersion = "Xcode 3.2";
			developmentRegion = English;
			hasScannedForEncodings = 0;
			knownRegions = (
				en,
				Base,
			);
			mainGroup = 3F9FBC511F3DD8E900F5A39F;
			productRefGroup = 3F9FBC5B1F3DD8E900F5A39F /* Products */;
			projectDirPath = "";
			projectRoot = "";
			targets = (
				3F9FBC591F3DD8E900F5A39F /* MalaCerta */,
			);
		};
/* End PBXProject section */

/* Begin PBXResourcesBuildPhase section */
		3F9FBC581F3DD8E900F5A39F /* Resources */ = {
			isa = PBXResourcesBuildPhase;
			buildActionMask = 2147483647;
			files = (
				3FADB6A21F44931F00DB801B /* DetalheAtividade.storyboard in Resources */,
				3F9FBC6B1F3DD8E900F5A39F /* LaunchScreen.storyboard in Resources */,
				3F9FBC681F3DD8E900F5A39F /* Assets.xcassets in Resources */,
				3F9FBC631F3DD8E900F5A39F /* Main.storyboard in Resources */,
			);
			runOnlyForDeploymentPostprocessing = 0;
		};
/* End PBXResourcesBuildPhase section */

/* Begin PBXSourcesBuildPhase section */
		3F9FBC561F3DD8E900F5A39F /* Sources */ = {
			isa = PBXSourcesBuildPhase;
			buildActionMask = 2147483647;
			files = (
				3F9FBC7D1F3DEAEB00F5A39F /* TimelineCell.swift in Sources */,
				3F9FBC771F3DDA1400F5A39F /* TimelineController.swift in Sources */,
				3F19B17E1F45E09C009772F6 /* UsuarioDAO.swift in Sources */,
				3F9FBC661F3DD8E900F5A39F /* MalaCerta.xcdatamodeld in Sources */,
				3F9FBC7F1F3DEAFC00F5A39F /* PlaceDetailsController.swift in Sources */,
				3F9FBC891F3DF8B200F5A39F /* Viagem.swift in Sources */,
				3F9FBC5E1F3DD8E900F5A39F /* AppDelegate.swift in Sources */,
				3F1F41A81F448EAE00244774 /* NovoDestinoController.swift in Sources */,
				3F9FBC7B1F3DEAE200F5A39F /* TravelsCell.swift in Sources */,
				3F19B17A1F45DF73009772F6 /* Usuario.swift in Sources */,
				3F9FBC871F3DF78E00F5A39F /* CoreDataManager.swift in Sources */,
				3F9FBC791F3DEAD300F5A39F /* TravelsController.swift in Sources */,
				3F19B1731F45D49B009772F6 /* AtividadeDAO.swift in Sources */,
				3F9FBC851F3DF2DA00F5A39F /* ViagemDAO.swift in Sources */,
				3F9FBC8B1F3DF8B900F5A39F /* Atividade.swift in Sources */,
				3F19B17C1F45DFF3009772F6 /* UsuarioController.swift in Sources */,
				3F19B1711F45C1F1009772F6 /* AdcNovoLocalController.swift in Sources */,
			);
			runOnlyForDeploymentPostprocessing = 0;
		};
/* End PBXSourcesBuildPhase section */

/* Begin PBXVariantGroup section */
		3F9FBC611F3DD8E900F5A39F /* Main.storyboard */ = {
			isa = PBXVariantGroup;
			children = (
				3F9FBC621F3DD8E900F5A39F /* Base */,
			);
			name = Main.storyboard;
			sourceTree = "<group>";
		};
		3F9FBC691F3DD8E900F5A39F /* LaunchScreen.storyboard */ = {
			isa = PBXVariantGroup;
			children = (
				3F9FBC6A1F3DD8E900F5A39F /* Base */,
			);
			name = LaunchScreen.storyboard;
			sourceTree = "<group>";
		};
		3FADB6A01F44931F00DB801B /* DetalheAtividade.storyboard */ = {
			isa = PBXVariantGroup;
			children = (
				3FADB6A11F44931F00DB801B /* Base */,
			);
			name = DetalheAtividade.storyboard;
			sourceTree = "<group>";
		};
/* End PBXVariantGroup section */

/* Begin XCBuildConfiguration section */
		3F9FBC6D1F3DD8E900F5A39F /* Debug */ = {
			isa = XCBuildConfiguration;
			buildSettings = {
				ALWAYS_SEARCH_USER_PATHS = NO;
				CLANG_ANALYZER_NONNULL = YES;
				CLANG_ANALYZER_NUMBER_OBJECT_CONVERSION = YES_AGGRESSIVE;
				CLANG_CXX_LANGUAGE_STANDARD = "gnu++0x";
				CLANG_CXX_LIBRARY = "libc++";
				CLANG_ENABLE_MODULES = YES;
				CLANG_ENABLE_OBJC_ARC = YES;
				CLANG_WARN_BOOL_CONVERSION = YES;
				CLANG_WARN_CONSTANT_CONVERSION = YES;
				CLANG_WARN_DIRECT_OBJC_ISA_USAGE = YES_ERROR;
				CLANG_WARN_DOCUMENTATION_COMMENTS = YES;
				CLANG_WARN_EMPTY_BODY = YES;
				CLANG_WARN_ENUM_CONVERSION = YES;
				CLANG_WARN_INFINITE_RECURSION = YES;
				CLANG_WARN_INT_CONVERSION = YES;
				CLANG_WARN_OBJC_ROOT_CLASS = YES_ERROR;
				CLANG_WARN_SUSPICIOUS_MOVE = YES;
				CLANG_WARN_UNREACHABLE_CODE = YES;
				CLANG_WARN__DUPLICATE_METHOD_MATCH = YES;
				"CODE_SIGN_IDENTITY[sdk=iphoneos*]" = "iPhone Developer";
				COPY_PHASE_STRIP = NO;
				DEBUG_INFORMATION_FORMAT = dwarf;
				ENABLE_STRICT_OBJC_MSGSEND = YES;
				ENABLE_TESTABILITY = YES;
				GCC_C_LANGUAGE_STANDARD = gnu99;
				GCC_DYNAMIC_NO_PIC = NO;
				GCC_NO_COMMON_BLOCKS = YES;
				GCC_OPTIMIZATION_LEVEL = 0;
				GCC_PREPROCESSOR_DEFINITIONS = (
					"DEBUG=1",
					"$(inherited)",
				);
				GCC_WARN_64_TO_32_BIT_CONVERSION = YES;
				GCC_WARN_ABOUT_RETURN_TYPE = YES_ERROR;
				GCC_WARN_UNDECLARED_SELECTOR = YES;
				GCC_WARN_UNINITIALIZED_AUTOS = YES_AGGRESSIVE;
				GCC_WARN_UNUSED_FUNCTION = YES;
				GCC_WARN_UNUSED_VARIABLE = YES;
				IPHONEOS_DEPLOYMENT_TARGET = 10.3;
				MTL_ENABLE_DEBUG_INFO = YES;
				ONLY_ACTIVE_ARCH = YES;
				SDKROOT = iphoneos;
				SWIFT_ACTIVE_COMPILATION_CONDITIONS = DEBUG;
				SWIFT_OPTIMIZATION_LEVEL = "-Onone";
				TARGETED_DEVICE_FAMILY = "1,2";
			};
			name = Debug;
		};
		3F9FBC6E1F3DD8E900F5A39F /* Release */ = {
			isa = XCBuildConfiguration;
			buildSettings = {
				ALWAYS_SEARCH_USER_PATHS = NO;
				CLANG_ANALYZER_NONNULL = YES;
				CLANG_ANALYZER_NUMBER_OBJECT_CONVERSION = YES_AGGRESSIVE;
				CLANG_CXX_LANGUAGE_STANDARD = "gnu++0x";
				CLANG_CXX_LIBRARY = "libc++";
				CLANG_ENABLE_MODULES = YES;
				CLANG_ENABLE_OBJC_ARC = YES;
				CLANG_WARN_BOOL_CONVERSION = YES;
				CLANG_WARN_CONSTANT_CONVERSION = YES;
				CLANG_WARN_DIRECT_OBJC_ISA_USAGE = YES_ERROR;
				CLANG_WARN_DOCUMENTATION_COMMENTS = YES;
				CLANG_WARN_EMPTY_BODY = YES;
				CLANG_WARN_ENUM_CONVERSION = YES;
				CLANG_WARN_INFINITE_RECURSION = YES;
				CLANG_WARN_INT_CONVERSION = YES;
				CLANG_WARN_OBJC_ROOT_CLASS = YES_ERROR;
				CLANG_WARN_SUSPICIOUS_MOVE = YES;
				CLANG_WARN_UNREACHABLE_CODE = YES;
				CLANG_WARN__DUPLICATE_METHOD_MATCH = YES;
				"CODE_SIGN_IDENTITY[sdk=iphoneos*]" = "iPhone Developer";
				COPY_PHASE_STRIP = NO;
				DEBUG_INFORMATION_FORMAT = "dwarf-with-dsym";
				ENABLE_NS_ASSERTIONS = NO;
				ENABLE_STRICT_OBJC_MSGSEND = YES;
				GCC_C_LANGUAGE_STANDARD = gnu99;
				GCC_NO_COMMON_BLOCKS = YES;
				GCC_WARN_64_TO_32_BIT_CONVERSION = YES;
				GCC_WARN_ABOUT_RETURN_TYPE = YES_ERROR;
				GCC_WARN_UNDECLARED_SELECTOR = YES;
				GCC_WARN_UNINITIALIZED_AUTOS = YES_AGGRESSIVE;
				GCC_WARN_UNUSED_FUNCTION = YES;
				GCC_WARN_UNUSED_VARIABLE = YES;
				IPHONEOS_DEPLOYMENT_TARGET = 10.3;
				MTL_ENABLE_DEBUG_INFO = NO;
				SDKROOT = iphoneos;
				SWIFT_OPTIMIZATION_LEVEL = "-Owholemodule";
				TARGETED_DEVICE_FAMILY = "1,2";
				VALIDATE_PRODUCT = YES;
			};
			name = Release;
		};
		3F9FBC701F3DD8E900F5A39F /* Debug */ = {
			isa = XCBuildConfiguration;
			buildSettings = {
				ASSETCATALOG_COMPILER_APPICON_NAME = AppIcon;
				"CODE_SIGN_IDENTITY[sdk=iphoneos*]" = "iPhone Developer";
				DEVELOPMENT_TEAM = V867585X56;
				INFOPLIST_FILE = MalaCerta/Info.plist;
				IPHONEOS_DEPLOYMENT_TARGET = 10.2;
				LD_RUNPATH_SEARCH_PATHS = "$(inherited) @executable_path/Frameworks";
				PRODUCT_BUNDLE_IDENTIFIER = Hackatruck.MalaCerta;
				PRODUCT_NAME = "$(TARGET_NAME)";
				PROVISIONING_PROFILE_SPECIFIER = "";
				SWIFT_VERSION = 3.0;
			};
			name = Debug;
		};
		3F9FBC711F3DD8E900F5A39F /* Release */ = {
			isa = XCBuildConfiguration;
			buildSettings = {
				ASSETCATALOG_COMPILER_APPICON_NAME = AppIcon;
				"CODE_SIGN_IDENTITY[sdk=iphoneos*]" = "iPhone Developer";
				DEVELOPMENT_TEAM = V867585X56;
				INFOPLIST_FILE = MalaCerta/Info.plist;
				IPHONEOS_DEPLOYMENT_TARGET = 10.2;
				LD_RUNPATH_SEARCH_PATHS = "$(inherited) @executable_path/Frameworks";
				PRODUCT_BUNDLE_IDENTIFIER = Hackatruck.MalaCerta;
				PRODUCT_NAME = "$(TARGET_NAME)";
				PROVISIONING_PROFILE_SPECIFIER = "";
				SWIFT_VERSION = 3.0;
			};
			name = Release;
		};
/* End XCBuildConfiguration section */

/* Begin XCConfigurationList section */
		3F9FBC551F3DD8E900F5A39F /* Build configuration list for PBXProject "MalaCerta" */ = {
			isa = XCConfigurationList;
			buildConfigurations = (
				3F9FBC6D1F3DD8E900F5A39F /* Debug */,
				3F9FBC6E1F3DD8E900F5A39F /* Release */,
			);
			defaultConfigurationIsVisible = 0;
			defaultConfigurationName = Release;
		};
		3F9FBC6F1F3DD8E900F5A39F /* Build configuration list for PBXNativeTarget "MalaCerta" */ = {
			isa = XCConfigurationList;
			buildConfigurations = (
				3F9FBC701F3DD8E900F5A39F /* Debug */,
				3F9FBC711F3DD8E900F5A39F /* Release */,
			);
			defaultConfigurationIsVisible = 0;
			defaultConfigurationName = Release;
		};
/* End XCConfigurationList section */

/* Begin XCVersionGroup section */
		3F9FBC641F3DD8E900F5A39F /* MalaCerta.xcdatamodeld */ = {
			isa = XCVersionGroup;
			children = (
				3F9FBC651F3DD8E900F5A39F /* MalaCerta.xcdatamodel */,
			);
			currentVersion = 3F9FBC651F3DD8E900F5A39F /* MalaCerta.xcdatamodel */;
			path = MalaCerta.xcdatamodeld;
			sourceTree = "<group>";
			versionGroupType = wrapper.xcdatamodel;
		};
/* End XCVersionGroup section */
	};
	rootObject = 3F9FBC521F3DD8E900F5A39F /* Project object */;
}
